
Microsoft Visual Studio Solution File, Format Version 12.00
# Visual Studio Version 16
VisualStudioVersion = 16.0.30204.135
MinimumVisualStudioVersion = 10.0.40219.1
Project("{FAE04EC0-301F-11D3-BF4B-00C04F79EFBC}") = "Laboratorio3", "Laboratorio3.csproj", "{90D447C8-8F65-47E6-87B1-5084E0C19805}"
EndProject
Project("{FAE04EC0-301F-11D3-BF4B-00C04F79EFBC}") = "CapaDatos", "CapaDatos\CapaDatos.csproj", "{6B6C4AC0-A7D5-490F-A4B3-48BEAD541FF2}"
EndProject
Global
	GlobalSection(SolutionConfigurationPlatforms) = preSolution
		Debug|Any CPU = Debug|Any CPU
		Release|Any CPU = Release|Any CPU
	EndGlobalSection
	GlobalSection(ProjectConfigurationPlatforms) = postSolution
		{90D447C8-8F65-47E6-87B1-5084E0C19805}.Debug|Any CPU.ActiveCfg = Debug|Any CPU
		{90D447C8-8F65-47E6-87B1-5084E0C19805}.Debug|Any CPU.Build.0 = Debug|Any CPU
		{90D447C8-8F65-47E6-87B1-5084E0C19805}.Release|Any CPU.ActiveCfg = Release|Any CPU
		{90D447C8-8F65-47E6-87B1-5084E0C19805}.Release|Any CPU.Build.0 = Release|Any CPU
		{6B6C4AC0-A7D5-490F-A4B3-48BEAD541FF2}.Debug|Any CPU.ActiveCfg = Debug|Any CPU
		{6B6C4AC0-A7D5-490F-A4B3-48BEAD541FF2}.Debug|Any CPU.Build.0 = Debug|Any CPU
		{6B6C4AC0-A7D5-490F-A4B3-48BEAD541FF2}.Release|Any CPU.ActiveCfg = Release|Any CPU
		{6B6C4AC0-A7D5-490F-A4B3-48BEAD541FF2}.Release|Any CPU.Build.0 = Release|Any CPU
	EndGlobalSection
	GlobalSection(SolutionProperties) = preSolution
		HideSolutionNode = FALSE
	EndGlobalSection
	GlobalSection(ExtensibilityGlobals) = postSolution
		SolutionGuid = {88B7EB24-A12B-41E0-A043-40531B6EFE49}
	EndGlobalSection
EndGlobal
